
Microsoft Visual Studio Solution File, Format Version 12.00
# Visual Studio Version 17
VisualStudioVersion = 17.8.34525.116
MinimumVisualStudioVersion = 10.0.40219.1
Project("{FAE04EC0-301F-11D3-BF4B-00C04F79EFBC}") = "API", "API\API.csproj", "{510B01B2-D838-4F5F-B7F4-2A836E887BD9}"
EndProject
Project("{FAE04EC0-301F-11D3-BF4B-00C04F79EFBC}") = "DAL", "DAL\DAL.csproj", "{A22268D8-F08D-46C3-90C4-65369EF2BD25}"
EndProject
Global
	GlobalSection(SolutionConfigurationPlatforms) = preSolution
		Debug|Any CPU = Debug|Any CPU
		Release|Any CPU = Release|Any CPU
	EndGlobalSection
	GlobalSection(ProjectConfigurationPlatforms) = postSolution
		{510B01B2-D838-4F5F-B7F4-2A836E887BD9}.Debug|Any CPU.ActiveCfg = Debug|Any CPU
		{510B01B2-D838-4F5F-B7F4-2A836E887BD9}.Debug|Any CPU.Build.0 = Debug|Any CPU
		{510B01B2-D838-4F5F-B7F4-2A836E887BD9}.Release|Any CPU.ActiveCfg = Release|Any CPU
		{510B01B2-D838-4F5F-B7F4-2A836E887BD9}.Release|Any CPU.Build.0 = Release|Any CPU
		{A22268D8-F08D-46C3-90C4-65369EF2BD25}.Debug|Any CPU.ActiveCfg = Debug|Any CPU
		{A22268D8-F08D-46C3-90C4-65369EF2BD25}.Debug|Any CPU.Build.0 = Debug|Any CPU
		{A22268D8-F08D-46C3-90C4-65369EF2BD25}.Release|Any CPU.ActiveCfg = Release|Any CPU
		{A22268D8-F08D-46C3-90C4-65369EF2BD25}.Release|Any CPU.Build.0 = Release|Any CPU
	EndGlobalSection
	GlobalSection(SolutionProperties) = preSolution
		HideSolutionNode = FALSE
	EndGlobalSection
	GlobalSection(ExtensibilityGlobals) = postSolution
		SolutionGuid = {E84BF5F7-ACA5-4C7E-B752-5B7E2D657E17}
	EndGlobalSection
EndGlobal
